{
  "name": "sending-mail-nodejs",
  "version": "1.0.0",
  "lockfileVersion": 1,
  "requires": true,
  "dependencies": {
    "dotenv": {
      "version": "7.0.0",
      "resolved": "https://registry.npmjs.org/dotenv/-/dotenv-7.0.0.tgz",
      "integrity": "sha512-M3NhsLbV1i6HuGzBUH8vXrtxOk+tWmzWKDMbAVSUp3Zsjm7ywFeuwrUXhmhQyRK1q5B5GGy7hcXPbj3bnfZg2g=="
    },
    "nodemailer": {
      "version": "5.1.1",
      "resolved": "https://registry.npmjs.org/nodemailer/-/nodemailer-5.1.1.tgz",
      "integrity": "sha512-hKGCoeNdFL2W7S76J/Oucbw0/qRlfG815tENdhzcqTpSjKgAN91mFOqU2lQUflRRxFM7iZvCyaFcAR9noc/CqQ=="
    }
  }
}
